// !$*UTF8*$!
{
	archiveVersion = 1;
	classes = {
	};
	objectVersion = 46;
	objects = {

/* Begin PBXBuildFile section */
		106011811B77054000527CBE /* main.m in Sources */ = {isa = PBXBuildFile; fileRef = 106011801B77054000527CBE /* main.m */; };
		106011841B77054000527CBE /* AppDelegate.m in Sources */ = {isa = PBXBuildFile; fileRef = 106011831B77054000527CBE /* AppDelegate.m */; };
		106011871B77054000527CBE /* ViewController.m in Sources */ = {isa = PBXBuildFile; fileRef = 106011861B77054000527CBE /* ViewController.m */; };
		1060118A1B77054000527CBE /* Main.storyboard in Resources */ = {isa = PBXBuildFile; fileRef = 106011881B77054000527CBE /* Main.storyboard */; };
		1060118C1B77054000527CBE /* Images.xcassets in Resources */ = {isa = PBXBuildFile; fileRef = 1060118B1B77054000527CBE /* Images.xcassets */; };
		1060118F1B77054000527CBE /* LaunchScreen.xib in Resources */ = {isa = PBXBuildFile; fileRef = 1060118D1B77054000527CBE /* LaunchScreen.xib */; };
		1060119B1B77054000527CBE /* NotificationCenterAndKVOTests.m in Sources */ = {isa = PBXBuildFile; fileRef = 1060119A1B77054000527CBE /* NotificationCenterAndKVOTests.m */; };
		106011A61B77081000527CBE /* Model.m in Sources */ = {isa = PBXBuildFile; fileRef = 106011A51B77081000527CBE /* Model.m */; };
/* End PBXBuildFile section */

/* Begin PBXContainerItemProxy section */
		106011951B77054000527CBE /* PBXContainerItemProxy */ = {
			isa = PBXContainerItemProxy;
			containerPortal = 106011731B77054000527CBE /* Project object */;
			proxyType = 1;
			remoteGlobalIDString = 1060117A1B77054000527CBE;
			remoteInfo = NotificationCenterAndKVO;
		};
/* End PBXContainerItemProxy section */

/* Begin PBXFileReference section */
		1060117B1B77054000527CBE /* NotificationCenterAndKVO.app */ = {isa = PBXFileReference; explicitFileType = wrapper.application; includeInIndex = 0; path = NotificationCenterAndKVO.app; sourceTree = BUILT_PRODUCTS_DIR; };
		1060117F1B77054000527CBE /* Info.plist */ = {isa = PBXFileReference; lastKnownFileType = text.plist.xml; path = Info.plist; sourceTree = "<group>"; };
		106011801B77054000527CBE /* main.m */ = {isa = PBXFileReference; lastKnownFileType = sourcecode.c.objc; path = main.m; sourceTree = "<group>"; };
		106011821B77054000527CBE /* AppDelegate.h */ = {isa = PBXFileReference; lastKnownFileType = sourcecode.c.h; path = AppDelegate.h; sourceTree = "<group>"; };
		106011831B77054000527CBE /* AppDelegate.m */ = {isa = PBXFileReference; lastKnownFileType = sourcecode.c.objc; path = AppDelegate.m; sourceTree = "<group>"; };
		106011851B77054000527CBE /* ViewController.h */ = {isa = PBXFileReference; lastKnownFileType = sourcecode.c.h; path = ViewController.h; sourceTree = "<group>"; };
		106011861B77054000527CBE /* ViewController.m */ = {isa = PBXFileReference; lastKnownFileType = sourcecode.c.objc; path = ViewController.m; sourceTree = "<group>"; };
		106011891B77054000527CBE /* Base */ = {isa = PBXFileReference; lastKnownFileType = file.storyboard; name = Base; path = Base.lproj/Main.storyboard; sourceTree = "<group>"; };
		1060118B1B77054000527CBE /* Images.xcassets */ = {isa = PBXFileReference; lastKnownFileType = folder.assetcatalog; path = Images.xcassets; sourceTree = "<group>"; };
		1060118E1B77054000527CBE /* Base */ = {isa = PBXFileReference; lastKnownFileType = file.xib; name = Base; path = Base.lproj/LaunchScreen.xib; sourceTree = "<group>"; };
		106011941B77054000527CBE /* NotificationCenterAndKVOTests.xctest */ = {isa = PBXFileReference; explicitFileType = wrapper.cfbundle; includeInIndex = 0; path = NotificationCenterAndKVOTests.xctest; sourceTree = BUILT_PRODUCTS_DIR; };
		106011991B77054000527CBE /* Info.plist */ = {isa = PBXFileReference; lastKnownFileType = text.plist.xml; path = Info.plist; sourceTree = "<group>"; };
		1060119A1B77054000527CBE /* NotificationCenterAndKVOTests.m */ = {isa = PBXFileReference; lastKnownFileType = sourcecode.c.objc; path = NotificationCenterAndKVOTests.m; sourceTree = "<group>"; };
		106011A41B77081000527CBE /* Model.h */ = {isa = PBXFileReference; fileEncoding = 4; lastKnownFileType = sourcecode.c.h; path = Model.h; sourceTree = "<group>"; };
		106011A51B77081000527CBE /* Model.m */ = {isa = PBXFileReference; fileEncoding = 4; lastKnownFileType = sourcecode.c.objc; path = Model.m; sourceTree = "<group>"; };
/* End PBXFileReference section */

/* Begin PBXFrameworksBuildPhase section */
		106011781B77054000527CBE /* Frameworks */ = {
			isa = PBXFrameworksBuildPhase;
			buildActionMask = 2147483647;
			files = (
			);
			runOnlyForDeploymentPostprocessing = 0;
		};
		106011911B77054000527CBE /* Frameworks */ = {
			isa = PBXFrameworksBuildPhase;
			buildActionMask = 2147483647;
			files = (
			);
			runOnlyForDeploymentPostprocessing = 0;
		};
/* End PBXFrameworksBuildPhase section */

/* Begin PBXGroup section */
		106011721B77054000527CBE = {
			isa = PBXGroup;
			children = (
				1060117D1B77054000527CBE /* NotificationCenterAndKVO */,
				106011971B77054000527CBE /* NotificationCenterAndKVOTests */,
				1060117C1B77054000527CBE /* Products */,
			);
			sourceTree = "<group>";
		};
		1060117C1B77054000527CBE /* Products */ = {
			isa = PBXGroup;
			children = (
				1060117B1B77054000527CBE /* NotificationCenterAndKVO.app */,
				106011941B77054000527CBE /* NotificationCenterAndKVOTests.xctest */,
			);
			name = Products;
			sourceTree = "<group>";
		};
		1060117D1B77054000527CBE /* NotificationCenterAndKVO */ = {
			isa = PBXGroup;
			children = (
				106011821B77054000527CBE /* AppDelegate.h */,
				106011831B77054000527CBE /* AppDelegate.m */,
				106011851B77054000527CBE /* ViewController.h */,
				106011861B77054000527CBE /* ViewController.m */,
				106011A41B77081000527CBE /* Model.h */,
				106011A51B77081000527CBE /* Model.m */,
				106011881B77054000527CBE /* Main.storyboard */,
				1060118B1B77054000527CBE /* Images.xcassets */,
				1060118D1B77054000527CBE /* LaunchScreen.xib */,
				1060117E1B77054000527CBE /* Supporting Files */,
			);
			path = NotificationCenterAndKVO;
			sourceTree = "<group>";
		};
		1060117E1B77054000527CBE /* Supporting Files */ = {
			isa = PBXGroup;
			children = (
				1060117F1B77054000527CBE /* Info.plist */,
				106011801B77054000527CBE /* main.m */,
			);
			name = "Supporting Files";
			sourceTree = "<group>";
		};
		106011971B77054000527CBE /* NotificationCenterAndKVOTests */ = {
			isa = PBXGroup;
			children = (
				1060119A1B77054000527CBE /* NotificationCenterAndKVOTests.m */,
				106011981B77054000527CBE /* Supporting Files */,
			);
			path = NotificationCenterAndKVOTests;
			sourceTree = "<group>";
		};
		106011981B77054000527CBE /* Supporting Files */ = {
			isa = PBXGroup;
			children = (
				106011991B77054000527CBE /* Info.plist */,
			);
			name = "Supporting Files";
			sourceTree = "<group>";
		};
/* End PBXGroup section */

/* Begin PBXNativeTarget section */
		1060117A1B77054000527CBE /* NotificationCenterAndKVO */ = {
			isa = PBXNativeTarget;
			buildConfigurationList = 1060119E1B77054000527CBE /* Build configuration list for PBXNativeTarget "NotificationCenterAndKVO" */;
			buildPhases = (
				106011771B77054000527CBE /* Sources */,
				106011781B77054000527CBE /* Frameworks */,
				106011791B77054000527CBE /* Resources */,
			);
			buildRules = (
			);
			dependencies = (
			);
			name = NotificationCenterAndKVO;
			productName = NotificationCenterAndKVO;
			productReference = 1060117B1B77054000527CBE /* NotificationCenterAndKVO.app */;
			productType = "com.apple.product-type.application";
		};
		106011931B77054000527CBE /* NotificationCenterAndKVOTests */ = {
			isa = PBXNativeTarget;
			buildConfigurationList = 106011A11B77054000527CBE /* Build configuration list for PBXNativeTarget "NotificationCenterAndKVOTests" */;
			buildPhases = (
				106011901B77054000527CBE /* Sources */,
				106011911B77054000527CBE /* Frameworks */,
				106011921B77054000527CBE /* Resources */,
			);
			buildRules = (
			);
			dependencies = (
				106011961B77054000527CBE /* PBXTargetDependency */,
			);
			name = NotificationCenterAndKVOTests;
			productName = NotificationCenterAndKVOTests;
			productReference = 106011941B77054000527CBE /* NotificationCenterAndKVOTests.xctest */;
			productType = "com.apple.product-type.bundle.unit-test";
		};
/* End PBXNativeTarget section */

/* Begin PBXProject section */
		106011731B77054000527CBE /* Project object */ = {
			isa = PBXProject;
			attributes = {
				LastUpgradeCheck = 0640;
				ORGANIZATIONNAME = YouXianMing;
				TargetAttributes = {
					1060117A1B77054000527CBE = {
						CreatedOnToolsVersion = 6.4;
					};
					106011931B77054000527CBE = {
						CreatedOnToolsVersion = 6.4;
						TestTargetID = 1060117A1B77054000527CBE;
					};
				};
			};
			buildConfigurationList = 106011761B77054000527CBE /* Build configuration list for PBXProject "NotificationCenterAndKVO" */;
			compatibilityVersion = "Xcode 3.2";
			developmentRegion = English;
			hasScannedForEncodings = 0;
			knownRegions = (
				en,
				Base,
			);
			mainGroup = 106011721B77054000527CBE;
			productRefGroup = 1060117C1B77054000527CBE /* Products */;
			projectDirPath = "";
			projectRoot = "";
			targets = (
				1060117A1B77054000527CBE /* NotificationCenterAndKVO */,
				106011931B77054000527CBE /* NotificationCenterAndKVOTests */,
			);
		};
/* End PBXProject section */

/* Begin PBXResourcesBuildPhase section */
		106011791B77054000527CBE /* Resources */ = {
			isa = PBXResourcesBuildPhase;
			buildActionMask = 2147483647;
			files = (
				1060118A1B77054000527CBE /* Main.storyboard in Resources */,
				1060118F1B77054000527CBE /* LaunchScreen.xib in Resources */,
				1060118C1B77054000527CBE /* Images.xcassets in Resources */,
			);
			runOnlyForDeploymentPostprocessing = 0;
		};
		106011921B77054000527CBE /* Resources */ = {
			isa = PBXResourcesBuildPhase;
			buildActionMask = 2147483647;
			files = (
			);
			runOnlyForDeploymentPostprocessing = 0;
		};
/* End PBXResourcesBuildPhase section */

/* Begin PBXSourcesBuildPhase section */
		106011771B77054000527CBE /* Sources */ = {
			isa = PBXSourcesBuildPhase;
			buildActionMask = 2147483647;
			files = (
				106011871B77054000527CBE /* ViewController.m in Sources */,
				106011841B77054000527CBE /* AppDelegate.m in Sources */,
				106011811B77054000527CBE /* main.m in Sources */,
				106011A61B77081000527CBE /* Model.m in Sources */,
			);
			runOnlyForDeploymentPostprocessing = 0;
		};
		106011901B77054000527CBE /* Sources */ = {
			isa = PBXSourcesBuildPhase;
			buildActionMask = 2147483647;
			files = (
				1060119B1B77054000527CBE /* NotificationCenterAndKVOTests.m in Sources */,
			);
			runOnlyForDeploymentPostprocessing = 0;
		};
/* End PBXSourcesBuildPhase section */

/* Begin PBXTargetDependency section */
		106011961B77054000527CBE /* PBXTargetDependency */ = {
			isa = PBXTargetDependency;
			target = 1060117A1B77054000527CBE /* NotificationCenterAndKVO */;
			targetProxy = 106011951B77054000527CBE /* PBXContainerItemProxy */;
		};
/* End PBXTargetDependency section */

/* Begin PBXVariantGroup section */
		106011881B77054000527CBE /* Main.storyboard */ = {
			isa = PBXVariantGroup;
			children = (
				106011891B77054000527CBE /* Base */,
			);
			name = Main.storyboard;
			sourceTree = "<group>";
		};
		1060118D1B77054000527CBE /* LaunchScreen.xib */ = {
			isa = PBXVariantGroup;
			children = (
				1060118E1B77054000527CBE /* Base */,
			);
			name = LaunchScreen.xib;
			sourceTree = "<group>";
		};
/* End PBXVariantGroup section */

/* Begin XCBuildConfiguration section */
		1060119C1B77054000527CBE /* Debug */ = {
			isa = XCBuildConfiguration;
			buildSettings = {
				ALWAYS_SEARCH_USER_PATHS = NO;
				CLANG_CXX_LANGUAGE_STANDARD = "gnu++0x";
				CLANG_CXX_LIBRARY = "libc++";
				CLANG_ENABLE_MODULES = YES;
				CLANG_ENABLE_OBJC_ARC = YES;
				CLANG_WARN_BOOL_CONVERSION = YES;
				CLANG_WARN_CONSTANT_CONVERSION = YES;
				CLANG_WARN_DIRECT_OBJC_ISA_USAGE = YES_ERROR;
				CLANG_WARN_EMPTY_BODY = YES;
				CLANG_WARN_ENUM_CONVERSION = YES;
				CLANG_WARN_INT_CONVERSION = YES;
				CLANG_WARN_OBJC_ROOT_CLASS = YES_ERROR;
				CLANG_WARN_UNREACHABLE_CODE = YES;
				CLANG_WARN__DUPLICATE_METHOD_MATCH = YES;
				"CODE_SIGN_IDENTITY[sdk=iphoneos*]" = "iPhone Developer";
				COPY_PHASE_STRIP = NO;
				DEBUG_INFORMATION_FORMAT = "dwarf-with-dsym";
				ENABLE_STRICT_OBJC_MSGSEND = YES;
				GCC_C_LANGUAGE_STANDARD = gnu99;
				GCC_DYNAMIC_NO_PIC = NO;
				GCC_NO_COMMON_BLOCKS = YES;
				GCC_OPTIMIZATION_LEVEL = 0;
				GCC_PREPROCESSOR_DEFINITIONS = (
					"DEBUG=1",
					"$(inherited)",
				);
				GCC_SYMBOLS_PRIVATE_EXTERN = NO;
				GCC_WARN_64_TO_32_BIT_CONVERSION = YES;
				GCC_WARN_ABOUT_RETURN_TYPE = YES_ERROR;
				GCC_WARN_UNDECLARED_SELECTOR = YES;
				GCC_WARN_UNINITIALIZED_AUTOS = YES_AGGRESSIVE;
				GCC_WARN_UNUSED_FUNCTION = YES;
				GCC_WARN_UNUSED_VARIABLE = YES;
				IPHONEOS_DEPLOYMENT_TARGET = 8.4;
				MTL_ENABLE_DEBUG_INFO = YES;
				ONLY_ACTIVE_ARCH = YES;
				SDKROOT = iphoneos;
				TARGETED_DEVICE_FAMILY = "1,2";
			};
			name = Debug;
		};
		1060119D1B77054000527CBE /* Release */ = {
			isa = XCBuildConfiguration;
			buildSettings = {
				ALWAYS_SEARCH_USER_PATHS = NO;
				CLANG_CXX_LANGUAGE_STANDARD = "gnu++0x";
				CLANG_CXX_LIBRARY = "libc++";
				CLANG_ENABLE_MODULES = YES;
				CLANG_ENABLE_OBJC_ARC = YES;
				CLANG_WARN_BOOL_CONVERSION = YES;
				CLANG_WARN_CONSTANT_CONVERSION = YES;
				CLANG_WARN_DIRECT_OBJC_ISA_USAGE = YES_ERROR;
				CLANG_WARN_EMPTY_BODY = YES;
				CLANG_WARN_ENUM_CONVERSION = YES;
				CLANG_WARN_INT_CONVERSION = YES;
				CLANG_WARN_OBJC_ROOT_CLASS = YES_ERROR;
				CLANG_WARN_UNREACHABLE_CODE = YES;
				CLANG_WARN__DUPLICATE_METHOD_MATCH = YES;
				"CODE_SIGN_IDENTITY[sdk=iphoneos*]" = "iPhone Developer";
				COPY_PHASE_STRIP = NO;
				DEBUG_INFORMATION_FORMAT = "dwarf-with-dsym";
				ENABLE_NS_ASSERTIONS = NO;
				ENABLE_STRICT_OBJC_MSGSEND = YES;
				GCC_C_LANGUAGE_STANDARD = gnu99;
				GCC_NO_COMMON_BLOCKS = YES;
				GCC_WARN_64_TO_32_BIT_CONVERSION = YES;
				GCC_WARN_ABOUT_RETURN_TYPE = YES_ERROR;
				GCC_WARN_UNDECLARED_SELECTOR = YES;
				GCC_WARN_UNINITIALIZED_AUTOS = YES_AGGRESSIVE;
				GCC_WARN_UNUSED_FUNCTION = YES;
				GCC_WARN_UNUSED_VARIABLE = YES;
				IPHONEOS_DEPLOYMENT_TARGET = 8.4;
				MTL_ENABLE_DEBUG_INFO = NO;
				SDKROOT = iphoneos;
				TARGETED_DEVICE_FAMILY = "1,2";
				VALIDATE_PRODUCT = YES;
			};
			name = Release;
		};
		1060119F1B77054000527CBE /* Debug */ = {
			isa = XCBuildConfiguration;
			buildSettings = {
				ASSETCATALOG_COMPILER_APPICON_NAME = AppIcon;
				INFOPLIST_FILE = NotificationCenterAndKVO/Info.plist;
				LD_RUNPATH_SEARCH_PATHS = "$(inherited) @executable_path/Frameworks";
				PRODUCT_NAME = "$(TARGET_NAME)";
			};
			name = Debug;
		};
		106011A01B77054000527CBE /* Release */ = {
			isa = XCBuildConfiguration;
			buildSettings = {
				ASSETCATALOG_COMPILER_APPICON_NAME = AppIcon;
				INFOPLIST_FILE = NotificationCenterAndKVO/Info.plist;
				LD_RUNPATH_SEARCH_PATHS = "$(inherited) @executable_path/Frameworks";
				PRODUCT_NAME = "$(TARGET_NAME)";
			};
			name = Release;
		};
		106011A21B77054000527CBE /* Debug */ = {
			isa = XCBuildConfiguration;
			buildSettings = {
				BUNDLE_LOADER = "$(TEST_HOST)";
				FRAMEWORK_SEARCH_PATHS = (
					"$(SDKROOT)/Developer/Library/Frameworks",
					"$(inherited)",
				);
				GCC_PREPROCESSOR_DEFINITIONS = (
					"DEBUG=1",
					"$(inherited)",
				);
				INFOPLIST_FILE = NotificationCenterAndKVOTests/Info.plist;
				LD_RUNPATH_SEARCH_PATHS = "$(inherited) @executable_path/Frameworks @loader_path/Frameworks";
				PRODUCT_NAME = "$(TARGET_NAME)";
				TEST_HOST = "$(BUILT_PRODUCTS_DIR)/NotificationCenterAndKVO.app/NotificationCenterAndKVO";
			};
			name = Debug;
		};
		106011A31B77054000527CBE /* Release */ = {
			isa = XCBuildConfiguration;
			buildSettings = {
				BUNDLE_LOADER = "$(TEST_HOST)";
				FRAMEWORK_SEARCH_PATHS = (
					"$(SDKROOT)/Developer/Library/Frameworks",
					"$(inherited)",
				);
				INFOPLIST_FILE = NotificationCenterAndKVOTests/Info.plist;
				LD_RUNPATH_SEARCH_PATHS = "$(inherited) @executable_path/Frameworks @loader_path/Frameworks";
				PRODUCT_NAME = "$(TARGET_NAME)";
				TEST_HOST = "$(BUILT_PRODUCTS_DIR)/NotificationCenterAndKVO.app/NotificationCenterAndKVO";
			};
			name = Release;
		};
/* End XCBuildConfiguration section */

/* Begin XCConfigurationList section */
		106011761B77054000527CBE /* Build configuration list for PBXProject "NotificationCenterAndKVO" */ = {
			isa = XCConfigurationList;
			buildConfigurations = (
				1060119C1B77054000527CBE /* Debug */,
				1060119D1B77054000527CBE /* Release */,
			);
			defaultConfigurationIsVisible = 0;
			defaultConfigurationName = Release;
		};
		1060119E1B77054000527CBE /* Build configuration list for PBXNativeTarget "NotificationCenterAndKVO" */ = {
			isa = XCConfigurationList;
			buildConfigurations = (
				1060119F1B77054000527CBE /* Debug */,
				106011A01B77054000527CBE /* Release */,
			);
			defaultConfigurationIsVisible = 0;
		};
		106011A11B77054000527CBE /* Build configuration list for PBXNativeTarget "NotificationCenterAndKVOTests" */ = {
			isa = XCConfigurationList;
			buildConfigurations = (
				106011A21B77054000527CBE /* Debug */,
				106011A31B77054000527CBE /* Release */,
			);
			defaultConfigurationIsVisible = 0;
		};
/* End XCConfigurationList section */
	};
	rootObject = 106011731B77054000527CBE /* Project object */;
}
