// !$*UTF8*$!
{
	archiveVersion = 1;
	classes = {
	};
	objectVersion = 46;
	objects = {

/* Begin PBXBuildFile section */
		106DF0351BAE561B004D5C11 /* main.m in Sources */ = {isa = PBXBuildFile; fileRef = 106DF0341BAE561B004D5C11 /* main.m */; };
		106DF0381BAE561B004D5C11 /* AppDelegate.m in Sources */ = {isa = PBXBuildFile; fileRef = 106DF0371BAE561B004D5C11 /* AppDelegate.m */; };
		106DF03B1BAE561B004D5C11 /* ViewController.m in Sources */ = {isa = PBXBuildFile; fileRef = 106DF03A1BAE561B004D5C11 /* ViewController.m */; };
		106DF03E1BAE561B004D5C11 /* Main.storyboard in Resources */ = {isa = PBXBuildFile; fileRef = 106DF03C1BAE561B004D5C11 /* Main.storyboard */; };
		106DF0401BAE561B004D5C11 /* Assets.xcassets in Resources */ = {isa = PBXBuildFile; fileRef = 106DF03F1BAE561B004D5C11 /* Assets.xcassets */; };
		106DF0431BAE561B004D5C11 /* LaunchScreen.storyboard in Resources */ = {isa = PBXBuildFile; fileRef = 106DF0411BAE561B004D5C11 /* LaunchScreen.storyboard */; };
		106DF04E1BAE561B004D5C11 /* ProxyPatternTests.m in Sources */ = {isa = PBXBuildFile; fileRef = 106DF04D1BAE561B004D5C11 /* ProxyPatternTests.m */; };
		106DF0591BAE561B004D5C11 /* ProxyPatternUITests.m in Sources */ = {isa = PBXBuildFile; fileRef = 106DF0581BAE561B004D5C11 /* ProxyPatternUITests.m */; };
		106DF0681BAE56AD004D5C11 /* AbastarctProxy.m in Sources */ = {isa = PBXBuildFile; fileRef = 106DF0671BAE56AD004D5C11 /* AbastarctProxy.m */; settings = {ASSET_TAGS = (); }; };
		106DF06B1BAE5769004D5C11 /* AbastractExcute.m in Sources */ = {isa = PBXBuildFile; fileRef = 106DF06A1BAE5769004D5C11 /* AbastractExcute.m */; settings = {ASSET_TAGS = (); }; };
		106DF06E1BAE59DB004D5C11 /* ConcreteProxy.m in Sources */ = {isa = PBXBuildFile; fileRef = 106DF06D1BAE59DB004D5C11 /* ConcreteProxy.m */; settings = {ASSET_TAGS = (); }; };
/* End PBXBuildFile section */

/* Begin PBXContainerItemProxy section */
		106DF04A1BAE561B004D5C11 /* PBXContainerItemProxy */ = {
			isa = PBXContainerItemProxy;
			containerPortal = 106DF0281BAE561B004D5C11 /* Project object */;
			proxyType = 1;
			remoteGlobalIDString = 106DF02F1BAE561B004D5C11;
			remoteInfo = ProxyPattern;
		};
		106DF0551BAE561B004D5C11 /* PBXContainerItemProxy */ = {
			isa = PBXContainerItemProxy;
			containerPortal = 106DF0281BAE561B004D5C11 /* Project object */;
			proxyType = 1;
			remoteGlobalIDString = 106DF02F1BAE561B004D5C11;
			remoteInfo = ProxyPattern;
		};
/* End PBXContainerItemProxy section */

/* Begin PBXFileReference section */
		106DF0301BAE561B004D5C11 /* ProxyPattern.app */ = {isa = PBXFileReference; explicitFileType = wrapper.application; includeInIndex = 0; path = ProxyPattern.app; sourceTree = BUILT_PRODUCTS_DIR; };
		106DF0341BAE561B004D5C11 /* main.m */ = {isa = PBXFileReference; lastKnownFileType = sourcecode.c.objc; path = main.m; sourceTree = "<group>"; };
		106DF0361BAE561B004D5C11 /* AppDelegate.h */ = {isa = PBXFileReference; lastKnownFileType = sourcecode.c.h; path = AppDelegate.h; sourceTree = "<group>"; };
		106DF0371BAE561B004D5C11 /* AppDelegate.m */ = {isa = PBXFileReference; lastKnownFileType = sourcecode.c.objc; path = AppDelegate.m; sourceTree = "<group>"; };
		106DF0391BAE561B004D5C11 /* ViewController.h */ = {isa = PBXFileReference; lastKnownFileType = sourcecode.c.h; path = ViewController.h; sourceTree = "<group>"; };
		106DF03A1BAE561B004D5C11 /* ViewController.m */ = {isa = PBXFileReference; lastKnownFileType = sourcecode.c.objc; path = ViewController.m; sourceTree = "<group>"; };
		106DF03D1BAE561B004D5C11 /* Base */ = {isa = PBXFileReference; lastKnownFileType = file.storyboard; name = Base; path = Base.lproj/Main.storyboard; sourceTree = "<group>"; };
		106DF03F1BAE561B004D5C11 /* Assets.xcassets */ = {isa = PBXFileReference; lastKnownFileType = folder.assetcatalog; path = Assets.xcassets; sourceTree = "<group>"; };
		106DF0421BAE561B004D5C11 /* Base */ = {isa = PBXFileReference; lastKnownFileType = file.storyboard; name = Base; path = Base.lproj/LaunchScreen.storyboard; sourceTree = "<group>"; };
		106DF0441BAE561B004D5C11 /* Info.plist */ = {isa = PBXFileReference; lastKnownFileType = text.plist.xml; path = Info.plist; sourceTree = "<group>"; };
		106DF0491BAE561B004D5C11 /* ProxyPatternTests.xctest */ = {isa = PBXFileReference; explicitFileType = wrapper.cfbundle; includeInIndex = 0; path = ProxyPatternTests.xctest; sourceTree = BUILT_PRODUCTS_DIR; };
		106DF04D1BAE561B004D5C11 /* ProxyPatternTests.m */ = {isa = PBXFileReference; lastKnownFileType = sourcecode.c.objc; path = ProxyPatternTests.m; sourceTree = "<group>"; };
		106DF04F1BAE561B004D5C11 /* Info.plist */ = {isa = PBXFileReference; lastKnownFileType = text.plist.xml; path = Info.plist; sourceTree = "<group>"; };
		106DF0541BAE561B004D5C11 /* ProxyPatternUITests.xctest */ = {isa = PBXFileReference; explicitFileType = wrapper.cfbundle; includeInIndex = 0; path = ProxyPatternUITests.xctest; sourceTree = BUILT_PRODUCTS_DIR; };
		106DF0581BAE561B004D5C11 /* ProxyPatternUITests.m */ = {isa = PBXFileReference; lastKnownFileType = sourcecode.c.objc; path = ProxyPatternUITests.m; sourceTree = "<group>"; };
		106DF05A1BAE561B004D5C11 /* Info.plist */ = {isa = PBXFileReference; lastKnownFileType = text.plist.xml; path = Info.plist; sourceTree = "<group>"; };
		106DF0661BAE56AD004D5C11 /* AbastarctProxy.h */ = {isa = PBXFileReference; fileEncoding = 4; lastKnownFileType = sourcecode.c.h; path = AbastarctProxy.h; sourceTree = "<group>"; };
		106DF0671BAE56AD004D5C11 /* AbastarctProxy.m */ = {isa = PBXFileReference; fileEncoding = 4; lastKnownFileType = sourcecode.c.objc; path = AbastarctProxy.m; sourceTree = "<group>"; };
		106DF0691BAE5769004D5C11 /* AbastractExcute.h */ = {isa = PBXFileReference; fileEncoding = 4; lastKnownFileType = sourcecode.c.h; path = AbastractExcute.h; sourceTree = "<group>"; };
		106DF06A1BAE5769004D5C11 /* AbastractExcute.m */ = {isa = PBXFileReference; fileEncoding = 4; lastKnownFileType = sourcecode.c.objc; path = AbastractExcute.m; sourceTree = "<group>"; };
		106DF06C1BAE59DB004D5C11 /* ConcreteProxy.h */ = {isa = PBXFileReference; fileEncoding = 4; lastKnownFileType = sourcecode.c.h; path = ConcreteProxy.h; sourceTree = "<group>"; };
		106DF06D1BAE59DB004D5C11 /* ConcreteProxy.m */ = {isa = PBXFileReference; fileEncoding = 4; lastKnownFileType = sourcecode.c.objc; path = ConcreteProxy.m; sourceTree = "<group>"; };
		106DF06F1BAE59ED004D5C11 /* MessageProtocol.h */ = {isa = PBXFileReference; fileEncoding = 4; lastKnownFileType = sourcecode.c.h; path = MessageProtocol.h; sourceTree = "<group>"; };
/* End PBXFileReference section */

/* Begin PBXFrameworksBuildPhase section */
		106DF02D1BAE561B004D5C11 /* Frameworks */ = {
			isa = PBXFrameworksBuildPhase;
			buildActionMask = 2147483647;
			files = (
			);
			runOnlyForDeploymentPostprocessing = 0;
		};
		106DF0461BAE561B004D5C11 /* Frameworks */ = {
			isa = PBXFrameworksBuildPhase;
			buildActionMask = 2147483647;
			files = (
			);
			runOnlyForDeploymentPostprocessing = 0;
		};
		106DF0511BAE561B004D5C11 /* Frameworks */ = {
			isa = PBXFrameworksBuildPhase;
			buildActionMask = 2147483647;
			files = (
			);
			runOnlyForDeploymentPostprocessing = 0;
		};
/* End PBXFrameworksBuildPhase section */

/* Begin PBXGroup section */
		106DF0271BAE561B004D5C11 = {
			isa = PBXGroup;
			children = (
				106DF0321BAE561B004D5C11 /* ProxyPattern */,
				106DF04C1BAE561B004D5C11 /* ProxyPatternTests */,
				106DF0571BAE561B004D5C11 /* ProxyPatternUITests */,
				106DF0311BAE561B004D5C11 /* Products */,
			);
			sourceTree = "<group>";
		};
		106DF0311BAE561B004D5C11 /* Products */ = {
			isa = PBXGroup;
			children = (
				106DF0301BAE561B004D5C11 /* ProxyPattern.app */,
				106DF0491BAE561B004D5C11 /* ProxyPatternTests.xctest */,
				106DF0541BAE561B004D5C11 /* ProxyPatternUITests.xctest */,
			);
			name = Products;
			sourceTree = "<group>";
		};
		106DF0321BAE561B004D5C11 /* ProxyPattern */ = {
			isa = PBXGroup;
			children = (
				106DF0361BAE561B004D5C11 /* AppDelegate.h */,
				106DF0371BAE561B004D5C11 /* AppDelegate.m */,
				106DF0391BAE561B004D5C11 /* ViewController.h */,
				106DF03A1BAE561B004D5C11 /* ViewController.m */,
				106DF0661BAE56AD004D5C11 /* AbastarctProxy.h */,
				106DF0671BAE56AD004D5C11 /* AbastarctProxy.m */,
				106DF0691BAE5769004D5C11 /* AbastractExcute.h */,
				106DF06A1BAE5769004D5C11 /* AbastractExcute.m */,
				106DF06C1BAE59DB004D5C11 /* ConcreteProxy.h */,
				106DF06D1BAE59DB004D5C11 /* ConcreteProxy.m */,
				106DF06F1BAE59ED004D5C11 /* MessageProtocol.h */,
				106DF03C1BAE561B004D5C11 /* Main.storyboard */,
				106DF03F1BAE561B004D5C11 /* Assets.xcassets */,
				106DF0411BAE561B004D5C11 /* LaunchScreen.storyboard */,
				106DF0441BAE561B004D5C11 /* Info.plist */,
				106DF0331BAE561B004D5C11 /* Supporting Files */,
			);
			path = ProxyPattern;
			sourceTree = "<group>";
		};
		106DF0331BAE561B004D5C11 /* Supporting Files */ = {
			isa = PBXGroup;
			children = (
				106DF0341BAE561B004D5C11 /* main.m */,
			);
			name = "Supporting Files";
			sourceTree = "<group>";
		};
		106DF04C1BAE561B004D5C11 /* ProxyPatternTests */ = {
			isa = PBXGroup;
			children = (
				106DF04D1BAE561B004D5C11 /* ProxyPatternTests.m */,
				106DF04F1BAE561B004D5C11 /* Info.plist */,
			);
			path = ProxyPatternTests;
			sourceTree = "<group>";
		};
		106DF0571BAE561B004D5C11 /* ProxyPatternUITests */ = {
			isa = PBXGroup;
			children = (
				106DF0581BAE561B004D5C11 /* ProxyPatternUITests.m */,
				106DF05A1BAE561B004D5C11 /* Info.plist */,
			);
			path = ProxyPatternUITests;
			sourceTree = "<group>";
		};
/* End PBXGroup section */

/* Begin PBXNativeTarget section */
		106DF02F1BAE561B004D5C11 /* ProxyPattern */ = {
			isa = PBXNativeTarget;
			buildConfigurationList = 106DF05D1BAE561B004D5C11 /* Build configuration list for PBXNativeTarget "ProxyPattern" */;
			buildPhases = (
				106DF02C1BAE561B004D5C11 /* Sources */,
				106DF02D1BAE561B004D5C11 /* Frameworks */,
				106DF02E1BAE561B004D5C11 /* Resources */,
			);
			buildRules = (
			);
			dependencies = (
			);
			name = ProxyPattern;
			productName = ProxyPattern;
			productReference = 106DF0301BAE561B004D5C11 /* ProxyPattern.app */;
			productType = "com.apple.product-type.application";
		};
		106DF0481BAE561B004D5C11 /* ProxyPatternTests */ = {
			isa = PBXNativeTarget;
			buildConfigurationList = 106DF0601BAE561B004D5C11 /* Build configuration list for PBXNativeTarget "ProxyPatternTests" */;
			buildPhases = (
				106DF0451BAE561B004D5C11 /* Sources */,
				106DF0461BAE561B004D5C11 /* Frameworks */,
				106DF0471BAE561B004D5C11 /* Resources */,
			);
			buildRules = (
			);
			dependencies = (
				106DF04B1BAE561B004D5C11 /* PBXTargetDependency */,
			);
			name = ProxyPatternTests;
			productName = ProxyPatternTests;
			productReference = 106DF0491BAE561B004D5C11 /* ProxyPatternTests.xctest */;
			productType = "com.apple.product-type.bundle.unit-test";
		};
		106DF0531BAE561B004D5C11 /* ProxyPatternUITests */ = {
			isa = PBXNativeTarget;
			buildConfigurationList = 106DF0631BAE561B004D5C11 /* Build configuration list for PBXNativeTarget "ProxyPatternUITests" */;
			buildPhases = (
				106DF0501BAE561B004D5C11 /* Sources */,
				106DF0511BAE561B004D5C11 /* Frameworks */,
				106DF0521BAE561B004D5C11 /* Resources */,
			);
			buildRules = (
			);
			dependencies = (
				106DF0561BAE561B004D5C11 /* PBXTargetDependency */,
			);
			name = ProxyPatternUITests;
			productName = ProxyPatternUITests;
			productReference = 106DF0541BAE561B004D5C11 /* ProxyPatternUITests.xctest */;
			productType = "com.apple.product-type.bundle.ui-testing";
		};
/* End PBXNativeTarget section */

/* Begin PBXProject section */
		106DF0281BAE561B004D5C11 /* Project object */ = {
			isa = PBXProject;
			attributes = {
				LastUpgradeCheck = 0700;
				ORGANIZATIONNAME = YouXianMing;
				TargetAttributes = {
					106DF02F1BAE561B004D5C11 = {
						CreatedOnToolsVersion = 7.0;
					};
					106DF0481BAE561B004D5C11 = {
						CreatedOnToolsVersion = 7.0;
						TestTargetID = 106DF02F1BAE561B004D5C11;
					};
					106DF0531BAE561B004D5C11 = {
						CreatedOnToolsVersion = 7.0;
						TestTargetID = 106DF02F1BAE561B004D5C11;
					};
				};
			};
			buildConfigurationList = 106DF02B1BAE561B004D5C11 /* Build configuration list for PBXProject "ProxyPattern" */;
			compatibilityVersion = "Xcode 3.2";
			developmentRegion = English;
			hasScannedForEncodings = 0;
			knownRegions = (
				en,
				Base,
			);
			mainGroup = 106DF0271BAE561B004D5C11;
			productRefGroup = 106DF0311BAE561B004D5C11 /* Products */;
			projectDirPath = "";
			projectRoot = "";
			targets = (
				106DF02F1BAE561B004D5C11 /* ProxyPattern */,
				106DF0481BAE561B004D5C11 /* ProxyPatternTests */,
				106DF0531BAE561B004D5C11 /* ProxyPatternUITests */,
			);
		};
/* End PBXProject section */

/* Begin PBXResourcesBuildPhase section */
		106DF02E1BAE561B004D5C11 /* Resources */ = {
			isa = PBXResourcesBuildPhase;
			buildActionMask = 2147483647;
			files = (
				106DF0431BAE561B004D5C11 /* LaunchScreen.storyboard in Resources */,
				106DF0401BAE561B004D5C11 /* Assets.xcassets in Resources */,
				106DF03E1BAE561B004D5C11 /* Main.storyboard in Resources */,
			);
			runOnlyForDeploymentPostprocessing = 0;
		};
		106DF0471BAE561B004D5C11 /* Resources */ = {
			isa = PBXResourcesBuildPhase;
			buildActionMask = 2147483647;
			files = (
			);
			runOnlyForDeploymentPostprocessing = 0;
		};
		106DF0521BAE561B004D5C11 /* Resources */ = {
			isa = PBXResourcesBuildPhase;
			buildActionMask = 2147483647;
			files = (
			);
			runOnlyForDeploymentPostprocessing = 0;
		};
/* End PBXResourcesBuildPhase section */

/* Begin PBXSourcesBuildPhase section */
		106DF02C1BAE561B004D5C11 /* Sources */ = {
			isa = PBXSourcesBuildPhase;
			buildActionMask = 2147483647;
			files = (
				106DF03B1BAE561B004D5C11 /* ViewController.m in Sources */,
				106DF06B1BAE5769004D5C11 /* AbastractExcute.m in Sources */,
				106DF0381BAE561B004D5C11 /* AppDelegate.m in Sources */,
				106DF0681BAE56AD004D5C11 /* AbastarctProxy.m in Sources */,
				106DF0351BAE561B004D5C11 /* main.m in Sources */,
				106DF06E1BAE59DB004D5C11 /* ConcreteProxy.m in Sources */,
			);
			runOnlyForDeploymentPostprocessing = 0;
		};
		106DF0451BAE561B004D5C11 /* Sources */ = {
			isa = PBXSourcesBuildPhase;
			buildActionMask = 2147483647;
			files = (
				106DF04E1BAE561B004D5C11 /* ProxyPatternTests.m in Sources */,
			);
			runOnlyForDeploymentPostprocessing = 0;
		};
		106DF0501BAE561B004D5C11 /* Sources */ = {
			isa = PBXSourcesBuildPhase;
			buildActionMask = 2147483647;
			files = (
				106DF0591BAE561B004D5C11 /* ProxyPatternUITests.m in Sources */,
			);
			runOnlyForDeploymentPostprocessing = 0;
		};
/* End PBXSourcesBuildPhase section */

/* Begin PBXTargetDependency section */
		106DF04B1BAE561B004D5C11 /* PBXTargetDependency */ = {
			isa = PBXTargetDependency;
			target = 106DF02F1BAE561B004D5C11 /* ProxyPattern */;
			targetProxy = 106DF04A1BAE561B004D5C11 /* PBXContainerItemProxy */;
		};
		106DF0561BAE561B004D5C11 /* PBXTargetDependency */ = {
			isa = PBXTargetDependency;
			target = 106DF02F1BAE561B004D5C11 /* ProxyPattern */;
			targetProxy = 106DF0551BAE561B004D5C11 /* PBXContainerItemProxy */;
		};
/* End PBXTargetDependency section */

/* Begin PBXVariantGroup section */
		106DF03C1BAE561B004D5C11 /* Main.storyboard */ = {
			isa = PBXVariantGroup;
			children = (
				106DF03D1BAE561B004D5C11 /* Base */,
			);
			name = Main.storyboard;
			sourceTree = "<group>";
		};
		106DF0411BAE561B004D5C11 /* LaunchScreen.storyboard */ = {
			isa = PBXVariantGroup;
			children = (
				106DF0421BAE561B004D5C11 /* Base */,
			);
			name = LaunchScreen.storyboard;
			sourceTree = "<group>";
		};
/* End PBXVariantGroup section */

/* Begin XCBuildConfiguration section */
		106DF05B1BAE561B004D5C11 /* Debug */ = {
			isa = XCBuildConfiguration;
			buildSettings = {
				ALWAYS_SEARCH_USER_PATHS = NO;
				CLANG_CXX_LANGUAGE_STANDARD = "gnu++0x";
				CLANG_CXX_LIBRARY = "libc++";
				CLANG_ENABLE_MODULES = YES;
				CLANG_ENABLE_OBJC_ARC = YES;
				CLANG_WARN_BOOL_CONVERSION = YES;
				CLANG_WARN_CONSTANT_CONVERSION = YES;
				CLANG_WARN_DIRECT_OBJC_ISA_USAGE = YES_ERROR;
				CLANG_WARN_EMPTY_BODY = YES;
				CLANG_WARN_ENUM_CONVERSION = YES;
				CLANG_WARN_INT_CONVERSION = YES;
				CLANG_WARN_OBJC_ROOT_CLASS = YES_ERROR;
				CLANG_WARN_UNREACHABLE_CODE = YES;
				CLANG_WARN__DUPLICATE_METHOD_MATCH = YES;
				"CODE_SIGN_IDENTITY[sdk=iphoneos*]" = "iPhone Developer";
				COPY_PHASE_STRIP = NO;
				DEBUG_INFORMATION_FORMAT = dwarf;
				ENABLE_STRICT_OBJC_MSGSEND = YES;
				ENABLE_TESTABILITY = YES;
				GCC_C_LANGUAGE_STANDARD = gnu99;
				GCC_DYNAMIC_NO_PIC = NO;
				GCC_NO_COMMON_BLOCKS = YES;
				GCC_OPTIMIZATION_LEVEL = 0;
				GCC_PREPROCESSOR_DEFINITIONS = (
					"DEBUG=1",
					"$(inherited)",
				);
				GCC_WARN_64_TO_32_BIT_CONVERSION = YES;
				GCC_WARN_ABOUT_RETURN_TYPE = YES_ERROR;
				GCC_WARN_UNDECLARED_SELECTOR = YES;
				GCC_WARN_UNINITIALIZED_AUTOS = YES_AGGRESSIVE;
				GCC_WARN_UNUSED_FUNCTION = YES;
				GCC_WARN_UNUSED_VARIABLE = YES;
				IPHONEOS_DEPLOYMENT_TARGET = 9.0;
				MTL_ENABLE_DEBUG_INFO = YES;
				ONLY_ACTIVE_ARCH = YES;
				SDKROOT = iphoneos;
				TARGETED_DEVICE_FAMILY = "1,2";
			};
			name = Debug;
		};
		106DF05C1BAE561B004D5C11 /* Release */ = {
			isa = XCBuildConfiguration;
			buildSettings = {
				ALWAYS_SEARCH_USER_PATHS = NO;
				CLANG_CXX_LANGUAGE_STANDARD = "gnu++0x";
				CLANG_CXX_LIBRARY = "libc++";
				CLANG_ENABLE_MODULES = YES;
				CLANG_ENABLE_OBJC_ARC = YES;
				CLANG_WARN_BOOL_CONVERSION = YES;
				CLANG_WARN_CONSTANT_CONVERSION = YES;
				CLANG_WARN_DIRECT_OBJC_ISA_USAGE = YES_ERROR;
				CLANG_WARN_EMPTY_BODY = YES;
				CLANG_WARN_ENUM_CONVERSION = YES;
				CLANG_WARN_INT_CONVERSION = YES;
				CLANG_WARN_OBJC_ROOT_CLASS = YES_ERROR;
				CLANG_WARN_UNREACHABLE_CODE = YES;
				CLANG_WARN__DUPLICATE_METHOD_MATCH = YES;
				"CODE_SIGN_IDENTITY[sdk=iphoneos*]" = "iPhone Developer";
				COPY_PHASE_STRIP = NO;
				DEBUG_INFORMATION_FORMAT = "dwarf-with-dsym";
				ENABLE_NS_ASSERTIONS = NO;
				ENABLE_STRICT_OBJC_MSGSEND = YES;
				GCC_C_LANGUAGE_STANDARD = gnu99;
				GCC_NO_COMMON_BLOCKS = YES;
				GCC_WARN_64_TO_32_BIT_CONVERSION = YES;
				GCC_WARN_ABOUT_RETURN_TYPE = YES_ERROR;
				GCC_WARN_UNDECLARED_SELECTOR = YES;
				GCC_WARN_UNINITIALIZED_AUTOS = YES_AGGRESSIVE;
				GCC_WARN_UNUSED_FUNCTION = YES;
				GCC_WARN_UNUSED_VARIABLE = YES;
				IPHONEOS_DEPLOYMENT_TARGET = 9.0;
				MTL_ENABLE_DEBUG_INFO = NO;
				SDKROOT = iphoneos;
				TARGETED_DEVICE_FAMILY = "1,2";
				VALIDATE_PRODUCT = YES;
			};
			name = Release;
		};
		106DF05E1BAE561B004D5C11 /* Debug */ = {
			isa = XCBuildConfiguration;
			buildSettings = {
				ASSETCATALOG_COMPILER_APPICON_NAME = AppIcon;
				INFOPLIST_FILE = ProxyPattern/Info.plist;
				LD_RUNPATH_SEARCH_PATHS = "$(inherited) @executable_path/Frameworks";
				PRODUCT_BUNDLE_IDENTIFIER = com.YouXianMing.ProxyPattern;
				PRODUCT_NAME = "$(TARGET_NAME)";
			};
			name = Debug;
		};
		106DF05F1BAE561B004D5C11 /* Release */ = {
			isa = XCBuildConfiguration;
			buildSettings = {
				ASSETCATALOG_COMPILER_APPICON_NAME = AppIcon;
				INFOPLIST_FILE = ProxyPattern/Info.plist;
				LD_RUNPATH_SEARCH_PATHS = "$(inherited) @executable_path/Frameworks";
				PRODUCT_BUNDLE_IDENTIFIER = com.YouXianMing.ProxyPattern;
				PRODUCT_NAME = "$(TARGET_NAME)";
			};
			name = Release;
		};
		106DF0611BAE561B004D5C11 /* Debug */ = {
			isa = XCBuildConfiguration;
			buildSettings = {
				BUNDLE_LOADER = "$(TEST_HOST)";
				INFOPLIST_FILE = ProxyPatternTests/Info.plist;
				LD_RUNPATH_SEARCH_PATHS = "$(inherited) @executable_path/Frameworks @loader_path/Frameworks";
				PRODUCT_BUNDLE_IDENTIFIER = com.YouXianMing.ProxyPatternTests;
				PRODUCT_NAME = "$(TARGET_NAME)";
				TEST_HOST = "$(BUILT_PRODUCTS_DIR)/ProxyPattern.app/ProxyPattern";
			};
			name = Debug;
		};
		106DF0621BAE561B004D5C11 /* Release */ = {
			isa = XCBuildConfiguration;
			buildSettings = {
				BUNDLE_LOADER = "$(TEST_HOST)";
				INFOPLIST_FILE = ProxyPatternTests/Info.plist;
				LD_RUNPATH_SEARCH_PATHS = "$(inherited) @executable_path/Frameworks @loader_path/Frameworks";
				PRODUCT_BUNDLE_IDENTIFIER = com.YouXianMing.ProxyPatternTests;
				PRODUCT_NAME = "$(TARGET_NAME)";
				TEST_HOST = "$(BUILT_PRODUCTS_DIR)/ProxyPattern.app/ProxyPattern";
			};
			name = Release;
		};
		106DF0641BAE561B004D5C11 /* Debug */ = {
			isa = XCBuildConfiguration;
			buildSettings = {
				INFOPLIST_FILE = ProxyPatternUITests/Info.plist;
				LD_RUNPATH_SEARCH_PATHS = "$(inherited) @executable_path/Frameworks @loader_path/Frameworks";
				PRODUCT_BUNDLE_IDENTIFIER = com.YouXianMing.ProxyPatternUITests;
				PRODUCT_NAME = "$(TARGET_NAME)";
				TEST_TARGET_NAME = ProxyPattern;
				USES_XCTRUNNER = YES;
			};
			name = Debug;
		};
		106DF0651BAE561B004D5C11 /* Release */ = {
			isa = XCBuildConfiguration;
			buildSettings = {
				INFOPLIST_FILE = ProxyPatternUITests/Info.plist;
				LD_RUNPATH_SEARCH_PATHS = "$(inherited) @executable_path/Frameworks @loader_path/Frameworks";
				PRODUCT_BUNDLE_IDENTIFIER = com.YouXianMing.ProxyPatternUITests;
				PRODUCT_NAME = "$(TARGET_NAME)";
				TEST_TARGET_NAME = ProxyPattern;
				USES_XCTRUNNER = YES;
			};
			name = Release;
		};
/* End XCBuildConfiguration section */

/* Begin XCConfigurationList section */
		106DF02B1BAE561B004D5C11 /* Build configuration list for PBXProject "ProxyPattern" */ = {
			isa = XCConfigurationList;
			buildConfigurations = (
				106DF05B1BAE561B004D5C11 /* Debug */,
				106DF05C1BAE561B004D5C11 /* Release */,
			);
			defaultConfigurationIsVisible = 0;
			defaultConfigurationName = Release;
		};
		106DF05D1BAE561B004D5C11 /* Build configuration list for PBXNativeTarget "ProxyPattern" */ = {
			isa = XCConfigurationList;
			buildConfigurations = (
				106DF05E1BAE561B004D5C11 /* Debug */,
				106DF05F1BAE561B004D5C11 /* Release */,
			);
			defaultConfigurationIsVisible = 0;
		};
		106DF0601BAE561B004D5C11 /* Build configuration list for PBXNativeTarget "ProxyPatternTests" */ = {
			isa = XCConfigurationList;
			buildConfigurations = (
				106DF0611BAE561B004D5C11 /* Debug */,
				106DF0621BAE561B004D5C11 /* Release */,
			);
			defaultConfigurationIsVisible = 0;
		};
		106DF0631BAE561B004D5C11 /* Build configuration list for PBXNativeTarget "ProxyPatternUITests" */ = {
			isa = XCConfigurationList;
			buildConfigurations = (
				106DF0641BAE561B004D5C11 /* Debug */,
				106DF0651BAE561B004D5C11 /* Release */,
			);
			defaultConfigurationIsVisible = 0;
		};
/* End XCConfigurationList section */
	};
	rootObject = 106DF0281BAE561B004D5C11 /* Project object */;
}
